{
  "name": "Under_Standing",
  "lockfileVersion": 2,
  "requires": true,
  "packages": {
    "": {
      "dependencies": {
        "@invertase/react-native-apple-authentication": "^2.2.2"
      }
    },
    "node_modules/@invertase/react-native-apple-authentication": {
      "version": "2.2.2",
      "resolved": "https://registry.npmjs.org/@invertase/react-native-apple-authentication/-/react-native-apple-authentication-2.2.2.tgz",
      "integrity": "sha512-uNZcUn9WbAQP5zSOFXI1+kEUokLwZG9imUulFdt5t22CU2ozGq6zyPm+BAVVg8D5eUUXduX/dJFhbuOpJxiEhQ=="
    }
  },
  "dependencies": {
    "@invertase/react-native-apple-authentication": {
      "version": "2.2.2",
      "resolved": "https://registry.npmjs.org/@invertase/react-native-apple-authentication/-/react-native-apple-authentication-2.2.2.tgz",
      "integrity": "sha512-uNZcUn9WbAQP5zSOFXI1+kEUokLwZG9imUulFdt5t22CU2ozGq6zyPm+BAVVg8D5eUUXduX/dJFhbuOpJxiEhQ=="
    }
  }
}
